
Microsoft Visual Studio Solution File, Format Version 12.00
# Visual Studio 15
VisualStudioVersion = 15.0.28010.2019
MinimumVisualStudioVersion = 10.0.40219.1
Project("{FAE04EC0-301F-11D3-BF4B-00C04F79EFBC}") = "OOP-1", "OOP-1\OOP-1.csproj", "{9FF79FF2-BC38-410A-8C78-CC5F83821EDD}"
EndProject
Global
	GlobalSection(SolutionConfigurationPlatforms) = preSolution
		Debug|Any CPU = Debug|Any CPU
		Release|Any CPU = Release|Any CPU
	EndGlobalSection
	GlobalSection(ProjectConfigurationPlatforms) = postSolution
		{9FF79FF2-BC38-410A-8C78-CC5F83821EDD}.Debug|Any CPU.ActiveCfg = Debug|Any CPU
		{9FF79FF2-BC38-410A-8C78-CC5F83821EDD}.Debug|Any CPU.Build.0 = Debug|Any CPU
		{9FF79FF2-BC38-410A-8C78-CC5F83821EDD}.Release|Any CPU.ActiveCfg = Release|Any CPU
		{9FF79FF2-BC38-410A-8C78-CC5F83821EDD}.Release|Any CPU.Build.0 = Release|Any CPU
	EndGlobalSection
	GlobalSection(SolutionProperties) = preSolution
		HideSolutionNode = FALSE
	EndGlobalSection
	GlobalSection(ExtensibilityGlobals) = postSolution
		SolutionGuid = {24CC9E47-2FC6-41CF-A2B4-1764B4542517}
	EndGlobalSection
EndGlobal
